
Microsoft Visual Studio Solution File, Format Version 12.00
# Visual Studio Version 17
VisualStudioVersion = 17.7.34009.444
MinimumVisualStudioVersion = 10.0.40219.1
Project("{FAE04EC0-301F-11D3-BF4B-00C04F79EFBC}") = "CRUDExample", "CRUDExample\CRUDExample.csproj", "{E2717FFD-0D45-4CED-A0AF-DA81F181A9C4}"
EndProject
Project("{FAE04EC0-301F-11D3-BF4B-00C04F79EFBC}") = "CRUDTests", "CRUDTests\CRUDTests.csproj", "{6CC7D3FA-0332-4FAF-9C31-C797607D7D5E}"
EndProject
Project("{FAE04EC0-301F-11D3-BF4B-00C04F79EFBC}") = "Entities", "Entities\Entities.csproj", "{08395273-29FB-4054-8B01-2EE25E363347}"
EndProject
Project("{FAE04EC0-301F-11D3-BF4B-00C04F79EFBC}") = "ServiceContracts", "ServiceContracts\ServiceContracts.csproj", "{0A45C051-89DF-4A04-A1DB-BBBA70D0DE09}"
EndProject
Project("{FAE04EC0-301F-11D3-BF4B-00C04F79EFBC}") = "Services", "Services\Services.csproj", "{50E54E94-B68B-451E-9979-87F2B6B080A2}"
EndProject
Global
	GlobalSection(SolutionConfigurationPlatforms) = preSolution
		Debug|Any CPU = Debug|Any CPU
		Release|Any CPU = Release|Any CPU
	EndGlobalSection
	GlobalSection(ProjectConfigurationPlatforms) = postSolution
		{E2717FFD-0D45-4CED-A0AF-DA81F181A9C4}.Debug|Any CPU.ActiveCfg = Debug|Any CPU
		{E2717FFD-0D45-4CED-A0AF-DA81F181A9C4}.Debug|Any CPU.Build.0 = Debug|Any CPU
		{E2717FFD-0D45-4CED-A0AF-DA81F181A9C4}.Release|Any CPU.ActiveCfg = Release|Any CPU
		{E2717FFD-0D45-4CED-A0AF-DA81F181A9C4}.Release|Any CPU.Build.0 = Release|Any CPU
		{6CC7D3FA-0332-4FAF-9C31-C797607D7D5E}.Debug|Any CPU.ActiveCfg = Debug|Any CPU
		{6CC7D3FA-0332-4FAF-9C31-C797607D7D5E}.Debug|Any CPU.Build.0 = Debug|Any CPU
		{6CC7D3FA-0332-4FAF-9C31-C797607D7D5E}.Release|Any CPU.ActiveCfg = Release|Any CPU
		{6CC7D3FA-0332-4FAF-9C31-C797607D7D5E}.Release|Any CPU.Build.0 = Release|Any CPU
		{08395273-29FB-4054-8B01-2EE25E363347}.Debug|Any CPU.ActiveCfg = Debug|Any CPU
		{08395273-29FB-4054-8B01-2EE25E363347}.Debug|Any CPU.Build.0 = Debug|Any CPU
		{08395273-29FB-4054-8B01-2EE25E363347}.Release|Any CPU.ActiveCfg = Release|Any CPU
		{08395273-29FB-4054-8B01-2EE25E363347}.Release|Any CPU.Build.0 = Release|Any CPU
		{0A45C051-89DF-4A04-A1DB-BBBA70D0DE09}.Debug|Any CPU.ActiveCfg = Debug|Any CPU
		{0A45C051-89DF-4A04-A1DB-BBBA70D0DE09}.Debug|Any CPU.Build.0 = Debug|Any CPU
		{0A45C051-89DF-4A04-A1DB-BBBA70D0DE09}.Release|Any CPU.ActiveCfg = Release|Any CPU
		{0A45C051-89DF-4A04-A1DB-BBBA70D0DE09}.Release|Any CPU.Build.0 = Release|Any CPU
		{50E54E94-B68B-451E-9979-87F2B6B080A2}.Debug|Any CPU.ActiveCfg = Debug|Any CPU
		{50E54E94-B68B-451E-9979-87F2B6B080A2}.Debug|Any CPU.Build.0 = Debug|Any CPU
		{50E54E94-B68B-451E-9979-87F2B6B080A2}.Release|Any CPU.ActiveCfg = Release|Any CPU
		{50E54E94-B68B-451E-9979-87F2B6B080A2}.Release|Any CPU.Build.0 = Release|Any CPU
	EndGlobalSection
	GlobalSection(SolutionProperties) = preSolution
		HideSolutionNode = FALSE
	EndGlobalSection
	GlobalSection(ExtensibilityGlobals) = postSolution
		SolutionGuid = {9F22DB29-171D-4975-97F0-DF96D9340A36}
	EndGlobalSection
EndGlobal
